// !$*UTF8*$!
{
	archiveVersion = 1;
	classes = {
	};
	objectVersion = 46;
	objects = {

/* Begin PBXBuildFile section */
		11F097821B354D69AE3DFFC4 /* libPods.a in Frameworks */ = {isa = PBXBuildFile; fileRef = 6EED16D9E2964712B021FEC1 /* libPods.a */; };
		D76FCC3317355FF100FD3F14 /* NSData+Base64.m in Sources */ = {isa = PBXBuildFile; fileRef = D76FCC3217355FF100FD3F14 /* NSData+Base64.m */; };
		D76FCC4A17357B8E00FD3F14 /* bkg.png in Resources */ = {isa = PBXBuildFile; fileRef = D76FCC3617357B8E00FD3F14 /* bkg.png */; };
		D76FCC4B17357B8E00FD3F14 /* cappuccino_down.png in Resources */ = {isa = PBXBuildFile; fileRef = D76FCC3717357B8E00FD3F14 /* cappuccino_down.png */; };
		D76FCC4C17357B8E00FD3F14 /* cappuccino_up.png in Resources */ = {isa = PBXBuildFile; fileRef = D76FCC3817357B8E00FD3F14 /* cappuccino_up.png */; };
		D76FCC4D17357B8E00FD3F14 /* choccolate_down.png in Resources */ = {isa = PBXBuildFile; fileRef = D76FCC3917357B8E00FD3F14 /* choccolate_down.png */; };
		D76FCC4E17357B8E00FD3F14 /* choccolate_up.png in Resources */ = {isa = PBXBuildFile; fileRef = D76FCC3A17357B8E00FD3F14 /* choccolate_up.png */; };
		D76FCC4F17357B8E00FD3F14 /* coin_10.png in Resources */ = {isa = PBXBuildFile; fileRef = D76FCC3B17357B8E00FD3F14 /* coin_10.png */; };
		D76FCC5017357B8E00FD3F14 /* coin_20.png in Resources */ = {isa = PBXBuildFile; fileRef = D76FCC3C17357B8E00FD3F14 /* coin_20.png */; };
		D76FCC5117357B8E00FD3F14 /* coin_50.png in Resources */ = {isa = PBXBuildFile; fileRef = D76FCC3D17357B8E00FD3F14 /* coin_50.png */; };
		D76FCC5217357B8E00FD3F14 /* coin_100.png in Resources */ = {isa = PBXBuildFile; fileRef = D76FCC3E17357B8E00FD3F14 /* coin_100.png */; };
		D76FCC5317357B8E00FD3F14 /* coins_static.png in Resources */ = {isa = PBXBuildFile; fileRef = D76FCC3F17357B8E00FD3F14 /* coins_static.png */; };
		D76FCC5417357B8E00FD3F14 /* espresso_down.png in Resources */ = {isa = PBXBuildFile; fileRef = D76FCC4017357B8E00FD3F14 /* espresso_down.png */; };
		D76FCC5517357B8E00FD3F14 /* espresso_up.png in Resources */ = {isa = PBXBuildFile; fileRef = D76FCC4117357B8E00FD3F14 /* espresso_up.png */; };
		D76FCC5617357B8E00FD3F14 /* latte_down.png in Resources */ = {isa = PBXBuildFile; fileRef = D76FCC4217357B8E00FD3F14 /* latte_down.png */; };
		D76FCC5717357B8E00FD3F14 /* latte_up.png in Resources */ = {isa = PBXBuildFile; fileRef = D76FCC4317357B8E00FD3F14 /* latte_up.png */; };
		D76FCC5817357B8E00FD3F14 /* orzo_down.png in Resources */ = {isa = PBXBuildFile; fileRef = D76FCC4417357B8E00FD3F14 /* orzo_down.png */; };
		D76FCC5917357B8E00FD3F14 /* orzo_up.png in Resources */ = {isa = PBXBuildFile; fileRef = D76FCC4517357B8E00FD3F14 /* orzo_up.png */; };
		D76FCC5A17357B8E00FD3F14 /* qrcode.png in Resources */ = {isa = PBXBuildFile; fileRef = D76FCC4617357B8E00FD3F14 /* qrcode.png */; };
		D76FCC5B17357B8E00FD3F14 /* savey_logo.png in Resources */ = {isa = PBXBuildFile; fileRef = D76FCC4717357B8E00FD3F14 /* savey_logo.png */; };
		D76FCC5C17357B8E00FD3F14 /* tea_down.png in Resources */ = {isa = PBXBuildFile; fileRef = D76FCC4817357B8E00FD3F14 /* tea_down.png */; };
		D76FCC5D17357B8E00FD3F14 /* tea_up.png in Resources */ = {isa = PBXBuildFile; fileRef = D76FCC4917357B8E00FD3F14 /* tea_up.png */; };
		D76FCC5F173581B000FD3F14 /* QuartzCore.framework in Frameworks */ = {isa = PBXBuildFile; fileRef = D76FCC5E173581AF00FD3F14 /* QuartzCore.framework */; };
		D76FCC631735827C00FD3F14 /* UIView+Fancy.m in Sources */ = {isa = PBXBuildFile; fileRef = D76FCC621735827C00FD3F14 /* UIView+Fancy.m */; };
		D7D42EE917351D6D0049178D /* UIKit.framework in Frameworks */ = {isa = PBXBuildFile; fileRef = D7D42EE817351D6D0049178D /* UIKit.framework */; };
		D7D42EEB17351D6D0049178D /* Foundation.framework in Frameworks */ = {isa = PBXBuildFile; fileRef = D7D42EEA17351D6D0049178D /* Foundation.framework */; };
		D7D42EED17351D6D0049178D /* CoreGraphics.framework in Frameworks */ = {isa = PBXBuildFile; fileRef = D7D42EEC17351D6D0049178D /* CoreGraphics.framework */; };
		D7D42EF317351D6D0049178D /* InfoPlist.strings in Resources */ = {isa = PBXBuildFile; fileRef = D7D42EF117351D6D0049178D /* InfoPlist.strings */; };
		D7D42EF517351D6D0049178D /* main.m in Sources */ = {isa = PBXBuildFile; fileRef = D7D42EF417351D6D0049178D /* main.m */; };
		D7D42EF917351D6D0049178D /* MDAppDelegate.m in Sources */ = {isa = PBXBuildFile; fileRef = D7D42EF817351D6D0049178D /* MDAppDelegate.m */; };
		D7D42EFB17351D6D0049178D /* Default.png in Resources */ = {isa = PBXBuildFile; fileRef = D7D42EFA17351D6D0049178D /* Default.png */; };
		D7D42EFD17351D6D0049178D /* Default@2x.png in Resources */ = {isa = PBXBuildFile; fileRef = D7D42EFC17351D6D0049178D /* Default@2x.png */; };
		D7D42EFF17351D6D0049178D /* Default-568h@2x.png in Resources */ = {isa = PBXBuildFile; fileRef = D7D42EFE17351D6D0049178D /* Default-568h@2x.png */; };
		D7D42F0217351D6D0049178D /* MDViewController.m in Sources */ = {isa = PBXBuildFile; fileRef = D7D42F0117351D6D0049178D /* MDViewController.m */; };
		D7D42F0517351D6D0049178D /* MDViewController.xib in Resources */ = {isa = PBXBuildFile; fileRef = D7D42F0317351D6D0049178D /* MDViewController.xib */; };
		D7D42F0D17351E860049178D /* MDNetworkManager.m in Sources */ = {isa = PBXBuildFile; fileRef = D7D42F0C17351E860049178D /* MDNetworkManager.m */; };
/* End PBXBuildFile section */

/* Begin PBXFileReference section */
		3D6661ABC2504EE9AA07C4B8 /* Pods.xcconfig */ = {isa = PBXFileReference; includeInIndex = 1; lastKnownFileType = text.xcconfig; name = Pods.xcconfig; path = Pods/Pods.xcconfig; sourceTree = SOURCE_ROOT; };
		6EED16D9E2964712B021FEC1 /* libPods.a */ = {isa = PBXFileReference; explicitFileType = archive.ar; includeInIndex = 0; path = libPods.a; sourceTree = BUILT_PRODUCTS_DIR; };
		D76FCC3117355FF100FD3F14 /* NSData+Base64.h */ = {isa = PBXFileReference; fileEncoding = 4; lastKnownFileType = sourcecode.c.h; path = "NSData+Base64.h"; sourceTree = "<group>"; };
		D76FCC3217355FF100FD3F14 /* NSData+Base64.m */ = {isa = PBXFileReference; fileEncoding = 4; lastKnownFileType = sourcecode.c.objc; path = "NSData+Base64.m"; sourceTree = "<group>"; };
		D76FCC3617357B8E00FD3F14 /* bkg.png */ = {isa = PBXFileReference; lastKnownFileType = image.png; name = bkg.png; path = ../../savey_assets/ipad/bkg.png; sourceTree = "<group>"; };
		D76FCC3717357B8E00FD3F14 /* cappuccino_down.png */ = {isa = PBXFileReference; lastKnownFileType = image.png; name = cappuccino_down.png; path = ../../savey_assets/ipad/cappuccino_down.png; sourceTree = "<group>"; };
		D76FCC3817357B8E00FD3F14 /* cappuccino_up.png */ = {isa = PBXFileReference; lastKnownFileType = image.png; name = cappuccino_up.png; path = ../../savey_assets/ipad/cappuccino_up.png; sourceTree = "<group>"; };
		D76FCC3917357B8E00FD3F14 /* choccolate_down.png */ = {isa = PBXFileReference; lastKnownFileType = image.png; name = choccolate_down.png; path = ../../savey_assets/ipad/choccolate_down.png; sourceTree = "<group>"; };
		D76FCC3A17357B8E00FD3F14 /* choccolate_up.png */ = {isa = PBXFileReference; lastKnownFileType = image.png; name = choccolate_up.png; path = ../../savey_assets/ipad/choccolate_up.png; sourceTree = "<group>"; };
		D76FCC3B17357B8E00FD3F14 /* coin_10.png */ = {isa = PBXFileReference; lastKnownFileType = image.png; name = coin_10.png; path = ../../savey_assets/ipad/coin_10.png; sourceTree = "<group>"; };
		D76FCC3C17357B8E00FD3F14 /* coin_20.png */ = {isa = PBXFileReference; lastKnownFileType = image.png; name = coin_20.png; path = ../../savey_assets/ipad/coin_20.png; sourceTree = "<group>"; };
		D76FCC3D17357B8E00FD3F14 /* coin_50.png */ = {isa = PBXFileReference; lastKnownFileType = image.png; name = coin_50.png; path = ../../savey_assets/ipad/coin_50.png; sourceTree = "<group>"; };
		D76FCC3E17357B8E00FD3F14 /* coin_100.png */ = {isa = PBXFileReference; lastKnownFileType = image.png; name = coin_100.png; path = ../../savey_assets/ipad/coin_100.png; sourceTree = "<group>"; };
		D76FCC3F17357B8E00FD3F14 /* coins_static.png */ = {isa = PBXFileReference; lastKnownFileType = image.png; name = coins_static.png; path = ../../savey_assets/ipad/coins_static.png; sourceTree = "<group>"; };
		D76FCC4017357B8E00FD3F14 /* espresso_down.png */ = {isa = PBXFileReference; lastKnownFileType = image.png; name = espresso_down.png; path = ../../savey_assets/ipad/espresso_down.png; sourceTree = "<group>"; };
		D76FCC4117357B8E00FD3F14 /* espresso_up.png */ = {isa = PBXFileReference; lastKnownFileType = image.png; name = espresso_up.png; path = ../../savey_assets/ipad/espresso_up.png; sourceTree = "<group>"; };
		D76FCC4217357B8E00FD3F14 /* latte_down.png */ = {isa = PBXFileReference; lastKnownFileType = image.png; name = latte_down.png; path = ../../savey_assets/ipad/latte_down.png; sourceTree = "<group>"; };
		D76FCC4317357B8E00FD3F14 /* latte_up.png */ = {isa = PBXFileReference; lastKnownFileType = image.png; name = latte_up.png; path = ../../savey_assets/ipad/latte_up.png; sourceTree = "<group>"; };
		D76FCC4417357B8E00FD3F14 /* orzo_down.png */ = {isa = PBXFileReference; lastKnownFileType = image.png; name = orzo_down.png; path = ../../savey_assets/ipad/orzo_down.png; sourceTree = "<group>"; };
		D76FCC4517357B8E00FD3F14 /* orzo_up.png */ = {isa = PBXFileReference; lastKnownFileType = image.png; name = orzo_up.png; path = ../../savey_assets/ipad/orzo_up.png; sourceTree = "<group>"; };
		D76FCC4617357B8E00FD3F14 /* qrcode.png */ = {isa = PBXFileReference; lastKnownFileType = image.png; name = qrcode.png; path = ../../savey_assets/ipad/qrcode.png; sourceTree = "<group>"; };
		D76FCC4717357B8E00FD3F14 /* savey_logo.png */ = {isa = PBXFileReference; lastKnownFileType = image.png; name = savey_logo.png; path = ../../savey_assets/ipad/savey_logo.png; sourceTree = "<group>"; };
		D76FCC4817357B8E00FD3F14 /* tea_down.png */ = {isa = PBXFileReference; lastKnownFileType = image.png; name = tea_down.png; path = ../../savey_assets/ipad/tea_down.png; sourceTree = "<group>"; };
		D76FCC4917357B8E00FD3F14 /* tea_up.png */ = {isa = PBXFileReference; lastKnownFileType = image.png; name = tea_up.png; path = ../../savey_assets/ipad/tea_up.png; sourceTree = "<group>"; };
		D76FCC5E173581AF00FD3F14 /* QuartzCore.framework */ = {isa = PBXFileReference; lastKnownFileType = wrapper.framework; name = QuartzCore.framework; path = System/Library/Frameworks/QuartzCore.framework; sourceTree = SDKROOT; };
		D76FCC611735827C00FD3F14 /* UIView+Fancy.h */ = {isa = PBXFileReference; fileEncoding = 4; lastKnownFileType = sourcecode.c.h; path = "UIView+Fancy.h"; sourceTree = "<group>"; };
		D76FCC621735827C00FD3F14 /* UIView+Fancy.m */ = {isa = PBXFileReference; fileEncoding = 4; lastKnownFileType = sourcecode.c.objc; path = "UIView+Fancy.m"; sourceTree = "<group>"; };
		D7D42EE517351D6D0049178D /* VendingMachineDisplay.app */ = {isa = PBXFileReference; explicitFileType = wrapper.application; includeInIndex = 0; path = VendingMachineDisplay.app; sourceTree = BUILT_PRODUCTS_DIR; };
		D7D42EE817351D6D0049178D /* UIKit.framework */ = {isa = PBXFileReference; lastKnownFileType = wrapper.framework; name = UIKit.framework; path = System/Library/Frameworks/UIKit.framework; sourceTree = SDKROOT; };
		D7D42EEA17351D6D0049178D /* Foundation.framework */ = {isa = PBXFileReference; lastKnownFileType = wrapper.framework; name = Foundation.framework; path = System/Library/Frameworks/Foundation.framework; sourceTree = SDKROOT; };
		D7D42EEC17351D6D0049178D /* CoreGraphics.framework */ = {isa = PBXFileReference; lastKnownFileType = wrapper.framework; name = CoreGraphics.framework; path = System/Library/Frameworks/CoreGraphics.framework; sourceTree = SDKROOT; };
		D7D42EF017351D6D0049178D /* VendingMachineDisplay-Info.plist */ = {isa = PBXFileReference; lastKnownFileType = text.plist.xml; path = "VendingMachineDisplay-Info.plist"; sourceTree = "<group>"; };
		D7D42EF217351D6D0049178D /* en */ = {isa = PBXFileReference; lastKnownFileType = text.plist.strings; name = en; path = en.lproj/InfoPlist.strings; sourceTree = "<group>"; };
		D7D42EF417351D6D0049178D /* main.m */ = {isa = PBXFileReference; lastKnownFileType = sourcecode.c.objc; path = main.m; sourceTree = "<group>"; };
		D7D42EF617351D6D0049178D /* VendingMachineDisplay-Prefix.pch */ = {isa = PBXFileReference; lastKnownFileType = sourcecode.c.h; path = "VendingMachineDisplay-Prefix.pch"; sourceTree = "<group>"; };
		D7D42EF717351D6D0049178D /* MDAppDelegate.h */ = {isa = PBXFileReference; lastKnownFileType = sourcecode.c.h; path = MDAppDelegate.h; sourceTree = "<group>"; };
		D7D42EF817351D6D0049178D /* MDAppDelegate.m */ = {isa = PBXFileReference; lastKnownFileType = sourcecode.c.objc; path = MDAppDelegate.m; sourceTree = "<group>"; };
		D7D42EFA17351D6D0049178D /* Default.png */ = {isa = PBXFileReference; lastKnownFileType = image.png; path = Default.png; sourceTree = "<group>"; };
		D7D42EFC17351D6D0049178D /* Default@2x.png */ = {isa = PBXFileReference; lastKnownFileType = image.png; path = "Default@2x.png"; sourceTree = "<group>"; };
		D7D42EFE17351D6D0049178D /* Default-568h@2x.png */ = {isa = PBXFileReference; lastKnownFileType = image.png; path = "Default-568h@2x.png"; sourceTree = "<group>"; };
		D7D42F0017351D6D0049178D /* MDViewController.h */ = {isa = PBXFileReference; lastKnownFileType = sourcecode.c.h; path = MDViewController.h; sourceTree = "<group>"; };
		D7D42F0117351D6D0049178D /* MDViewController.m */ = {isa = PBXFileReference; lastKnownFileType = sourcecode.c.objc; path = MDViewController.m; sourceTree = "<group>"; };
		D7D42F0417351D6D0049178D /* en */ = {isa = PBXFileReference; lastKnownFileType = file.xib; name = en; path = en.lproj/MDViewController.xib; sourceTree = "<group>"; };
		D7D42F0B17351E860049178D /* MDNetworkManager.h */ = {isa = PBXFileReference; fileEncoding = 4; lastKnownFileType = sourcecode.c.h; path = MDNetworkManager.h; sourceTree = "<group>"; };
		D7D42F0C17351E860049178D /* MDNetworkManager.m */ = {isa = PBXFileReference; fileEncoding = 4; lastKnownFileType = sourcecode.c.objc; path = MDNetworkManager.m; sourceTree = "<group>"; };
/* End PBXFileReference section */

/* Begin PBXFrameworksBuildPhase section */
		D7D42EE217351D6D0049178D /* Frameworks */ = {
			isa = PBXFrameworksBuildPhase;
			buildActionMask = 2147483647;
			files = (
				D76FCC5F173581B000FD3F14 /* QuartzCore.framework in Frameworks */,
				D7D42EE917351D6D0049178D /* UIKit.framework in Frameworks */,
				D7D42EEB17351D6D0049178D /* Foundation.framework in Frameworks */,
				D7D42EED17351D6D0049178D /* CoreGraphics.framework in Frameworks */,
				11F097821B354D69AE3DFFC4 /* libPods.a in Frameworks */,
			);
			runOnlyForDeploymentPostprocessing = 0;
		};
/* End PBXFrameworksBuildPhase section */

/* Begin PBXGroup section */
		D76FCC3417357B7F00FD3F14 /* Resources */ = {
			isa = PBXGroup;
			children = (
				D76FCC3517357B8500FD3F14 /* Images */,
			);
			name = Resources;
			sourceTree = "<group>";
		};
		D76FCC3517357B8500FD3F14 /* Images */ = {
			isa = PBXGroup;
			children = (
				D76FCC3617357B8E00FD3F14 /* bkg.png */,
				D76FCC3717357B8E00FD3F14 /* cappuccino_down.png */,
				D76FCC3817357B8E00FD3F14 /* cappuccino_up.png */,
				D76FCC3917357B8E00FD3F14 /* choccolate_down.png */,
				D76FCC3A17357B8E00FD3F14 /* choccolate_up.png */,
				D76FCC3B17357B8E00FD3F14 /* coin_10.png */,
				D76FCC3C17357B8E00FD3F14 /* coin_20.png */,
				D76FCC3D17357B8E00FD3F14 /* coin_50.png */,
				D76FCC3E17357B8E00FD3F14 /* coin_100.png */,
				D76FCC3F17357B8E00FD3F14 /* coins_static.png */,
				D76FCC4017357B8E00FD3F14 /* espresso_down.png */,
				D76FCC4117357B8E00FD3F14 /* espresso_up.png */,
				D76FCC4217357B8E00FD3F14 /* latte_down.png */,
				D76FCC4317357B8E00FD3F14 /* latte_up.png */,
				D76FCC4417357B8E00FD3F14 /* orzo_down.png */,
				D76FCC4517357B8E00FD3F14 /* orzo_up.png */,
				D76FCC4617357B8E00FD3F14 /* qrcode.png */,
				D76FCC4717357B8E00FD3F14 /* savey_logo.png */,
				D76FCC4817357B8E00FD3F14 /* tea_down.png */,
				D76FCC4917357B8E00FD3F14 /* tea_up.png */,
			);
			name = Images;
			sourceTree = "<group>";
		};
		D76FCC601735826400FD3F14 /* Categories */ = {
			isa = PBXGroup;
			children = (
				D76FCC611735827C00FD3F14 /* UIView+Fancy.h */,
				D76FCC621735827C00FD3F14 /* UIView+Fancy.m */,
			);
			name = Categories;
			sourceTree = "<group>";
		};
		D7D42EDC17351D6D0049178D = {
			isa = PBXGroup;
			children = (
				D76FCC5E173581AF00FD3F14 /* QuartzCore.framework */,
				D7D42EEE17351D6D0049178D /* VendingMachineDisplay */,
				D7D42EE717351D6D0049178D /* Frameworks */,
				D7D42EE617351D6D0049178D /* Products */,
				3D6661ABC2504EE9AA07C4B8 /* Pods.xcconfig */,
			);
			sourceTree = "<group>";
		};
		D7D42EE617351D6D0049178D /* Products */ = {
			isa = PBXGroup;
			children = (
				D7D42EE517351D6D0049178D /* VendingMachineDisplay.app */,
			);
			name = Products;
			sourceTree = "<group>";
		};
		D7D42EE717351D6D0049178D /* Frameworks */ = {
			isa = PBXGroup;
			children = (
				D7D42EE817351D6D0049178D /* UIKit.framework */,
				D7D42EEA17351D6D0049178D /* Foundation.framework */,
				D7D42EEC17351D6D0049178D /* CoreGraphics.framework */,
				6EED16D9E2964712B021FEC1 /* libPods.a */,
			);
			name = Frameworks;
			sourceTree = "<group>";
		};
		D7D42EEE17351D6D0049178D /* VendingMachineDisplay */ = {
			isa = PBXGroup;
			children = (
				D76FCC601735826400FD3F14 /* Categories */,
				D76FCC3417357B7F00FD3F14 /* Resources */,
				D7D42EF717351D6D0049178D /* MDAppDelegate.h */,
				D7D42EF817351D6D0049178D /* MDAppDelegate.m */,
				D7D42F0017351D6D0049178D /* MDViewController.h */,
				D7D42F0117351D6D0049178D /* MDViewController.m */,
				D7D42F0317351D6D0049178D /* MDViewController.xib */,
				D7D42EEF17351D6D0049178D /* Supporting Files */,
				D7D42F0B17351E860049178D /* MDNetworkManager.h */,
				D7D42F0C17351E860049178D /* MDNetworkManager.m */,
				D76FCC3117355FF100FD3F14 /* NSData+Base64.h */,
				D76FCC3217355FF100FD3F14 /* NSData+Base64.m */,
			);
			path = VendingMachineDisplay;
			sourceTree = "<group>";
		};
		D7D42EEF17351D6D0049178D /* Supporting Files */ = {
			isa = PBXGroup;
			children = (
				D7D42EF017351D6D0049178D /* VendingMachineDisplay-Info.plist */,
				D7D42EF117351D6D0049178D /* InfoPlist.strings */,
				D7D42EF417351D6D0049178D /* main.m */,
				D7D42EF617351D6D0049178D /* VendingMachineDisplay-Prefix.pch */,
				D7D42EFA17351D6D0049178D /* Default.png */,
				D7D42EFC17351D6D0049178D /* Default@2x.png */,
				D7D42EFE17351D6D0049178D /* Default-568h@2x.png */,
			);
			name = "Supporting Files";
			sourceTree = "<group>";
		};
/* End PBXGroup section */

/* Begin PBXNativeTarget section */
		D7D42EE417351D6D0049178D /* VendingMachineDisplay */ = {
			isa = PBXNativeTarget;
			buildConfigurationList = D7D42F0817351D6D0049178D /* Build configuration list for PBXNativeTarget "VendingMachineDisplay" */;
			buildPhases = (
				D7D42EE117351D6D0049178D /* Sources */,
				D7D42EE217351D6D0049178D /* Frameworks */,
				D7D42EE317351D6D0049178D /* Resources */,
				3A570C5E2F6F4117B94FCE6F /* Copy Pods Resources */,
			);
			buildRules = (
			);
			dependencies = (
			);
			name = VendingMachineDisplay;
			productName = VendingMachineDisplay;
			productReference = D7D42EE517351D6D0049178D /* VendingMachineDisplay.app */;
			productType = "com.apple.product-type.application";
		};
/* End PBXNativeTarget section */

/* Begin PBXProject section */
		D7D42EDD17351D6D0049178D /* Project object */ = {
			isa = PBXProject;
			attributes = {
				CLASSPREFIX = MD;
				LastUpgradeCheck = 0460;
				ORGANIZATIONNAME = "Nicola Miotto";
			};
			buildConfigurationList = D7D42EE017351D6D0049178D /* Build configuration list for PBXProject "VendingMachineDisplay" */;
			compatibilityVersion = "Xcode 3.2";
			developmentRegion = English;
			hasScannedForEncodings = 0;
			knownRegions = (
				en,
			);
			mainGroup = D7D42EDC17351D6D0049178D;
			productRefGroup = D7D42EE617351D6D0049178D /* Products */;
			projectDirPath = "";
			projectRoot = "";
			targets = (
				D7D42EE417351D6D0049178D /* VendingMachineDisplay */,
			);
		};
/* End PBXProject section */

/* Begin PBXResourcesBuildPhase section */
		D7D42EE317351D6D0049178D /* Resources */ = {
			isa = PBXResourcesBuildPhase;
			buildActionMask = 2147483647;
			files = (
				D7D42EF317351D6D0049178D /* InfoPlist.strings in Resources */,
				D7D42EFB17351D6D0049178D /* Default.png in Resources */,
				D7D42EFD17351D6D0049178D /* Default@2x.png in Resources */,
				D7D42EFF17351D6D0049178D /* Default-568h@2x.png in Resources */,
				D7D42F0517351D6D0049178D /* MDViewController.xib in Resources */,
				D76FCC4A17357B8E00FD3F14 /* bkg.png in Resources */,
				D76FCC4B17357B8E00FD3F14 /* cappuccino_down.png in Resources */,
				D76FCC4C17357B8E00FD3F14 /* cappuccino_up.png in Resources */,
				D76FCC4D17357B8E00FD3F14 /* choccolate_down.png in Resources */,
				D76FCC4E17357B8E00FD3F14 /* choccolate_up.png in Resources */,
				D76FCC4F17357B8E00FD3F14 /* coin_10.png in Resources */,
				D76FCC5017357B8E00FD3F14 /* coin_20.png in Resources */,
				D76FCC5117357B8E00FD3F14 /* coin_50.png in Resources */,
				D76FCC5217357B8E00FD3F14 /* coin_100.png in Resources */,
				D76FCC5317357B8E00FD3F14 /* coins_static.png in Resources */,
				D76FCC5417357B8E00FD3F14 /* espresso_down.png in Resources */,
				D76FCC5517357B8E00FD3F14 /* espresso_up.png in Resources */,
				D76FCC5617357B8E00FD3F14 /* latte_down.png in Resources */,
				D76FCC5717357B8E00FD3F14 /* latte_up.png in Resources */,
				D76FCC5817357B8E00FD3F14 /* orzo_down.png in Resources */,
				D76FCC5917357B8E00FD3F14 /* orzo_up.png in Resources */,
				D76FCC5A17357B8E00FD3F14 /* qrcode.png in Resources */,
				D76FCC5B17357B8E00FD3F14 /* savey_logo.png in Resources */,
				D76FCC5C17357B8E00FD3F14 /* tea_down.png in Resources */,
				D76FCC5D17357B8E00FD3F14 /* tea_up.png in Resources */,
			);
			runOnlyForDeploymentPostprocessing = 0;
		};
/* End PBXResourcesBuildPhase section */

/* Begin PBXShellScriptBuildPhase section */
		3A570C5E2F6F4117B94FCE6F /* Copy Pods Resources */ = {
			isa = PBXShellScriptBuildPhase;
			buildActionMask = 2147483647;
			files = (
			);
			inputPaths = (
			);
			name = "Copy Pods Resources";
			outputPaths = (
			);
			runOnlyForDeploymentPostprocessing = 0;
			shellPath = /bin/sh;
			shellScript = "\"${SRCROOT}/Pods/Pods-resources.sh\"\n";
		};
/* End PBXShellScriptBuildPhase section */

/* Begin PBXSourcesBuildPhase section */
		D7D42EE117351D6D0049178D /* Sources */ = {
			isa = PBXSourcesBuildPhase;
			buildActionMask = 2147483647;
			files = (
				D7D42EF517351D6D0049178D /* main.m in Sources */,
				D7D42EF917351D6D0049178D /* MDAppDelegate.m in Sources */,
				D7D42F0217351D6D0049178D /* MDViewController.m in Sources */,
				D7D42F0D17351E860049178D /* MDNetworkManager.m in Sources */,
				D76FCC3317355FF100FD3F14 /* NSData+Base64.m in Sources */,
				D76FCC631735827C00FD3F14 /* UIView+Fancy.m in Sources */,
			);
			runOnlyForDeploymentPostprocessing = 0;
		};
/* End PBXSourcesBuildPhase section */

/* Begin PBXVariantGroup section */
		D7D42EF117351D6D0049178D /* InfoPlist.strings */ = {
			isa = PBXVariantGroup;
			children = (
				D7D42EF217351D6D0049178D /* en */,
			);
			name = InfoPlist.strings;
			sourceTree = "<group>";
		};
		D7D42F0317351D6D0049178D /* MDViewController.xib */ = {
			isa = PBXVariantGroup;
			children = (
				D7D42F0417351D6D0049178D /* en */,
			);
			name = MDViewController.xib;
			sourceTree = "<group>";
		};
/* End PBXVariantGroup section */

/* Begin XCBuildConfiguration section */
		D7D42F0617351D6D0049178D /* Debug */ = {
			isa = XCBuildConfiguration;
			buildSettings = {
				ALWAYS_SEARCH_USER_PATHS = NO;
				CLANG_CXX_LANGUAGE_STANDARD = "gnu++0x";
				CLANG_CXX_LIBRARY = "libc++";
				CLANG_ENABLE_OBJC_ARC = YES;
				CLANG_WARN_CONSTANT_CONVERSION = YES;
				CLANG_WARN_EMPTY_BODY = YES;
				CLANG_WARN_ENUM_CONVERSION = YES;
				CLANG_WARN_INT_CONVERSION = YES;
				CLANG_WARN__DUPLICATE_METHOD_MATCH = YES;
				CODE_SIGN_IDENTITY = "iPhone Developer: Nicola Miotto (458RFQE64U)";
				"CODE_SIGN_IDENTITY[sdk=iphoneos*]" = "iPhone Developer: Nicola Miotto (458RFQE64U)";
				COPY_PHASE_STRIP = NO;
				GCC_C_LANGUAGE_STANDARD = gnu99;
				GCC_DYNAMIC_NO_PIC = NO;
				GCC_OPTIMIZATION_LEVEL = 0;
				GCC_PREPROCESSOR_DEFINITIONS = (
					"DEBUG=1",
					"$(inherited)",
				);
				GCC_SYMBOLS_PRIVATE_EXTERN = NO;
				GCC_WARN_ABOUT_RETURN_TYPE = YES;
				GCC_WARN_UNINITIALIZED_AUTOS = YES;
				GCC_WARN_UNUSED_VARIABLE = YES;
				IPHONEOS_DEPLOYMENT_TARGET = 6.1;
				ONLY_ACTIVE_ARCH = YES;
				PROVISIONING_PROFILE = "B24C6302-5043-4A4C-89FB-70B88E718E6F";
				"PROVISIONING_PROFILE[sdk=iphoneos*]" = "B24C6302-5043-4A4C-89FB-70B88E718E6F";
				SDKROOT = iphoneos;
				TARGETED_DEVICE_FAMILY = 2;
			};
			name = Debug;
		};
		D7D42F0717351D6D0049178D /* Release */ = {
			isa = XCBuildConfiguration;
			buildSettings = {
				ALWAYS_SEARCH_USER_PATHS = NO;
				CLANG_CXX_LANGUAGE_STANDARD = "gnu++0x";
				CLANG_CXX_LIBRARY = "libc++";
				CLANG_ENABLE_OBJC_ARC = YES;
				CLANG_WARN_CONSTANT_CONVERSION = YES;
				CLANG_WARN_EMPTY_BODY = YES;
				CLANG_WARN_ENUM_CONVERSION = YES;
				CLANG_WARN_INT_CONVERSION = YES;
				CLANG_WARN__DUPLICATE_METHOD_MATCH = YES;
				CODE_SIGN_IDENTITY = "iPhone Developer: Nicola Miotto (458RFQE64U)";
				"CODE_SIGN_IDENTITY[sdk=iphoneos*]" = "iPhone Developer: Nicola Miotto (458RFQE64U)";
				COPY_PHASE_STRIP = YES;
				GCC_C_LANGUAGE_STANDARD = gnu99;
				GCC_WARN_ABOUT_RETURN_TYPE = YES;
				GCC_WARN_UNINITIALIZED_AUTOS = YES;
				GCC_WARN_UNUSED_VARIABLE = YES;
				IPHONEOS_DEPLOYMENT_TARGET = 6.1;
				OTHER_CFLAGS = "-DNS_BLOCK_ASSERTIONS=1";
				PROVISIONING_PROFILE = "B24C6302-5043-4A4C-89FB-70B88E718E6F";
				"PROVISIONING_PROFILE[sdk=iphoneos*]" = "B24C6302-5043-4A4C-89FB-70B88E718E6F";
				SDKROOT = iphoneos;
				TARGETED_DEVICE_FAMILY = 2;
				VALIDATE_PRODUCT = YES;
			};
			name = Release;
		};
		D7D42F0917351D6D0049178D /* Debug */ = {
			isa = XCBuildConfiguration;
			baseConfigurationReference = 3D6661ABC2504EE9AA07C4B8 /* Pods.xcconfig */;
			buildSettings = {
				CODE_SIGN_IDENTITY = "iPhone Developer: Nicola Miotto (458RFQE64U)";
				"CODE_SIGN_IDENTITY[sdk=iphoneos*]" = "iPhone Developer: Nicola Miotto (458RFQE64U)";
				GCC_PRECOMPILE_PREFIX_HEADER = YES;
				GCC_PREFIX_HEADER = "VendingMachineDisplay/VendingMachineDisplay-Prefix.pch";
				INFOPLIST_FILE = "VendingMachineDisplay/VendingMachineDisplay-Info.plist";
				PRODUCT_NAME = "$(TARGET_NAME)";
				PROVISIONING_PROFILE = "B24C6302-5043-4A4C-89FB-70B88E718E6F";
				"PROVISIONING_PROFILE[sdk=iphoneos*]" = "B24C6302-5043-4A4C-89FB-70B88E718E6F";
				WRAPPER_EXTENSION = app;
			};
			name = Debug;
		};
		D7D42F0A17351D6D0049178D /* Release */ = {
			isa = XCBuildConfiguration;
			baseConfigurationReference = 3D6661ABC2504EE9AA07C4B8 /* Pods.xcconfig */;
			buildSettings = {
				CODE_SIGN_IDENTITY = "iPhone Developer: Nicola Miotto (458RFQE64U)";
				"CODE_SIGN_IDENTITY[sdk=iphoneos*]" = "iPhone Developer: Nicola Miotto (458RFQE64U)";
				GCC_PRECOMPILE_PREFIX_HEADER = YES;
				GCC_PREFIX_HEADER = "VendingMachineDisplay/VendingMachineDisplay-Prefix.pch";
				INFOPLIST_FILE = "VendingMachineDisplay/VendingMachineDisplay-Info.plist";
				PRODUCT_NAME = "$(TARGET_NAME)";
				PROVISIONING_PROFILE = "B24C6302-5043-4A4C-89FB-70B88E718E6F";
				"PROVISIONING_PROFILE[sdk=iphoneos*]" = "B24C6302-5043-4A4C-89FB-70B88E718E6F";
				WRAPPER_EXTENSION = app;
			};
			name = Release;
		};
/* End XCBuildConfiguration section */

/* Begin XCConfigurationList section */
		D7D42EE017351D6D0049178D /* Build configuration list for PBXProject "VendingMachineDisplay" */ = {
			isa = XCConfigurationList;
			buildConfigurations = (
				D7D42F0617351D6D0049178D /* Debug */,
				D7D42F0717351D6D0049178D /* Release */,
			);
			defaultConfigurationIsVisible = 0;
			defaultConfigurationName = Release;
		};
		D7D42F0817351D6D0049178D /* Build configuration list for PBXNativeTarget "VendingMachineDisplay" */ = {
			isa = XCConfigurationList;
			buildConfigurations = (
				D7D42F0917351D6D0049178D /* Debug */,
				D7D42F0A17351D6D0049178D /* Release */,
			);
			defaultConfigurationIsVisible = 0;
			defaultConfigurationName = Release;
		};
/* End XCConfigurationList section */
	};
	rootObject = D7D42EDD17351D6D0049178D /* Project object */;
}
